{
  "version": 4,
  "terraform_version": "1.14.6",
  "serial": 5,
  "lineage": "ecae2d2d-d999-7ed1-8a5e-42538934b01b",
  "outputs": {},
  "resources": [
    {
      "mode": "managed",
      "type": "github_branch",
      "name": "develop",
      "provider": "provider[\"registry.terraform.io/integrations/github\"]",
      "instances": [
        {
          "schema_version": 0,
          "attributes": {
            "branch": "develop",
            "etag": "W/\"6a2a0443326dd6b743d189382f1f354f996b8d06f31167fc5dc6e75cba22af83\"",
            "id": "Terraform-y2pn4n:develop",
            "ref": "refs/heads/develop",
            "repository": "Terraform-y2pn4n",
            "sha": "22643bf02b7effa4ae092cda6760b6aed14b9a7c",
            "source_branch": "main",
            "source_sha": "22643bf02b7effa4ae092cda6760b6aed14b9a7c"
          },
          "sensitive_attributes": [],
          "identity_schema_version": 0,
          "private": "bnVsbA==",
          "dependencies": [
            "github_repository.Repo-Terraform",
            "random_string.repo-random"
          ]
        }
      ]
    },
    {
      "mode": "managed",
      "type": "github_repository",
      "name": "Repo-Terraform",
      "provider": "provider[\"registry.terraform.io/integrations/github\"]",
      "instances": [
        {
          "schema_version": 1,
          "attributes": {
            "allow_auto_merge": false,
            "allow_forking": true,
            "allow_merge_commit": true,
            "allow_rebase_merge": true,
            "allow_squash_merge": true,
            "allow_update_branch": false,
            "archive_on_destroy": null,
            "archived": false,
            "auto_init": true,
            "default_branch": "main",
            "delete_branch_on_merge": false,
            "description": "Repositorio GitHub creado desde Terraform",
            "etag": "W/\"b9991763f06cad617b97c1760434542dcce73303d24b965e9481f34723f9c93e\"",
            "fork": "false",
            "full_name": "Javieri21/Terraform-y2pn4n",
            "git_clone_url": "git://github.com/Javieri21/Terraform-y2pn4n.git",
            "gitignore_template": null,
            "has_discussions": false,
            "has_downloads": false,
            "has_issues": false,
            "has_projects": false,
            "has_wiki": false,
            "homepage_url": "",
            "html_url": "https://github.com/Javieri21/Terraform-y2pn4n",
            "http_clone_url": "https://github.com/Javieri21/Terraform-y2pn4n.git",
            "id": "Terraform-y2pn4n",
            "ignore_vulnerability_alerts_during_read": false,
            "is_template": false,
            "license_template": null,
            "merge_commit_message": "PR_TITLE",
            "merge_commit_title": "MERGE_MESSAGE",
            "name": "Terraform-y2pn4n",
            "node_id": "R_kgDORsa8eg",
            "pages": [],
            "primary_language": "",
            "private": true,
            "repo_id": 1187429498,
            "security_and_analysis": null,
            "source_owner": "",
            "source_repo": "",
            "squash_merge_commit_message": "COMMIT_MESSAGES",
            "squash_merge_commit_title": "COMMIT_OR_PR_TITLE",
            "ssh_clone_url": "git@github.com:Javieri21/Terraform-y2pn4n.git",
            "svn_url": "https://github.com/Javieri21/Terraform-y2pn4n",
            "template": [],
            "topics": [],
            "visibility": "private",
            "vulnerability_alerts": null,
            "web_commit_signoff_required": false
          },
          "sensitive_attributes": [],
          "identity_schema_version": 0,
          "private": "eyJzY2hlbWFfdmVyc2lvbiI6IjEifQ==",
          "dependencies": [
            "random_string.repo-random"
          ]
        }
      ]
    },
    {
      "mode": "managed",
      "type": "github_repository_collaborator",
      "name": "my_repo_admin",
      "provider": "provider[\"registry.terraform.io/integrations/github\"]",
      "instances": [
        {
          "schema_version": 0,
          "attributes": {
            "id": "Terraform-y2pn4n:a10pepo",
            "invitation_id": "311624161",
            "permission": "admin",
            "permission_diff_suppression": false,
            "repository": "Terraform-y2pn4n",
            "username": "a10pepo"
          },
          "sensitive_attributes": [],
          "identity_schema_version": 0,
          "private": "bnVsbA==",
          "dependencies": [
            "github_repository.Repo-Terraform",
            "random_string.repo-random"
          ]
        }
      ]
    },
    {
      "mode": "managed",
      "type": "random_string",
      "name": "repo-random",
      "provider": "provider[\"registry.terraform.io/hashicorp/random\"]",
      "instances": [
        {
          "schema_version": 2,
          "attributes": {
            "id": "y2pn4n",
            "keepers": null,
            "length": 6,
            "lower": true,
            "min_lower": 0,
            "min_numeric": 0,
            "min_special": 0,
            "min_upper": 0,
            "number": true,
            "numeric": true,
            "override_special": null,
            "result": "y2pn4n",
            "special": false,
            "upper": false
          },
          "sensitive_attributes": [],
          "identity_schema_version": 0
        }
      ]
    }
  ],
  "check_results": null
}
