{
  "version": 4,
  "terraform_version": "1.14.6",
  "serial": 5,
  "lineage": "51169ac1-251f-f5f2-4a59-3bdd27f1e7cd",
  "outputs": {},
  "resources": [
    {
      "mode": "managed",
      "type": "local_file",
      "name": "name",
      "provider": "provider[\"registry.terraform.io/hashicorp/local\"]",
      "instances": [
        {
          "schema_version": 0,
          "attributes": {
            "content": "Sergio is the GOAT",
            "content_base64": null,
            "content_base64sha256": "Aw68PISzUTv03LpBnl63fvkifim38We4zm31nfiyLy0=",
            "content_base64sha512": "RsO0BB3NbqpZ414XARij2pFmoAUHYBNiRW/q+lPV8YWYMus+glKKAR1DDga9bXYUa0qu1cojoRtOYY3vBjLTGw==",
            "content_md5": "c0fa49afe29b604f60140835e9fd3613",
            "content_sha1": "12c4244bf61a7b0ecb3f869e8588d8dceb13c88f",
            "content_sha256": "030ebc3c84b3513bf4dcba419e5eb77ef9227e29b7f167b8ce6df59df8b22f2d",
            "content_sha512": "46c3b4041dcd6eaa59e35e170118a3da9166a00507601362456feafa53d5f1859832eb3e82528a011d430e06bd6d76146b4aaed5ca23a11b4e618def0632d31b",
            "directory_permission": "0777",
            "file_permission": "0777",
            "filename": "Sergio.txt",
            "id": "12c4244bf61a7b0ecb3f869e8588d8dceb13c88f",
            "sensitive_content": null,
            "source": null
          },
          "sensitive_attributes": [
            [
              {
                "type": "get_attr",
                "value": "sensitive_content"
              }
            ]
          ],
          "identity_schema_version": 0
        }
      ]
    },
    {
      "mode": "managed",
      "type": "local_file",
      "name": "name4",
      "provider": "provider[\"registry.terraform.io/hashicorp/local\"]",
      "instances": [
        {
          "schema_version": 0,
          "attributes": {
            "content": "Hola Mr.Pedro Adiós",
            "content_base64": null,
            "content_base64sha256": "ZI406Rmie24TVrpDYPKiERuCzsH6yis4P6weq5JRWhk=",
            "content_base64sha512": "eL36pQWtzqOphg3NPxP4vYcKZwVtuFS+hggLxYTb6J82QAQ3Js61tvzfTUtXIOm64ymLoGZwBLesUfW1zzNrgg==",
            "content_md5": "61ff8516bb383c3f3286dab216a0aff7",
            "content_sha1": "a5ecd1520585fdbbea1b8643eb3b78d73e511075",
            "content_sha256": "648e34e919a27b6e1356ba4360f2a2111b82cec1faca2b383fac1eab92515a19",
            "content_sha512": "78bdfaa505adcea3a9860dcd3f13f8bd870a67056db854be86080bc584dbe89f3640043726ceb5b6fcdf4d4b5720e9bae3298ba0667004b7ac51f5b5cf336b82",
            "directory_permission": "0777",
            "file_permission": "0777",
            "filename": "Sergio.txt",
            "id": "a5ecd1520585fdbbea1b8643eb3b78d73e511075",
            "sensitive_content": null,
            "source": null
          },
          "sensitive_attributes": [
            [
              {
                "type": "get_attr",
                "value": "sensitive_content"
              }
            ]
          ],
          "identity_schema_version": 0
        }
      ]
    }
  ],
  "check_results": null
}
